// !$*UTF8*$!
{
	archiveVersion = 1;
	classes = {
	};
	objectVersion = 46;
	objects = {

/* Begin PBXBuildFile section */
		0A2515F91BFCBA02001235B5 /* main.m in Sources */ = {isa = PBXBuildFile; fileRef = 0A2515F81BFCBA02001235B5 /* main.m */; };
		0A2515FC1BFCBA02001235B5 /* AppDelegate.m in Sources */ = {isa = PBXBuildFile; fileRef = 0A2515FB1BFCBA02001235B5 /* AppDelegate.m */; };
		0A2515FF1BFCBA02001235B5 /* ViewController.m in Sources */ = {isa = PBXBuildFile; fileRef = 0A2515FE1BFCBA02001235B5 /* ViewController.m */; };
		0A2516021BFCBA02001235B5 /* Main.storyboard in Resources */ = {isa = PBXBuildFile; fileRef = 0A2516001BFCBA02001235B5 /* Main.storyboard */; };
		0A2516041BFCBA02001235B5 /* Images.xcassets in Resources */ = {isa = PBXBuildFile; fileRef = 0A2516031BFCBA02001235B5 /* Images.xcassets */; };
		0A2516071BFCBA02001235B5 /* LaunchScreen.xib in Resources */ = {isa = PBXBuildFile; fileRef = 0A2516051BFCBA02001235B5 /* LaunchScreen.xib */; };
		0A2516131BFCBA02001235B5 /* PickerViewTestTests.m in Sources */ = {isa = PBXBuildFile; fileRef = 0A2516121BFCBA02001235B5 /* PickerViewTestTests.m */; };
		0A25161E1BFCBA1C001235B5 /* ZLPickerView.m in Sources */ = {isa = PBXBuildFile; fileRef = 0A25161D1BFCBA1C001235B5 /* ZLPickerView.m */; };
		0A2516371BFCBB19001235B5 /* MASCompositeConstraint.m in Sources */ = {isa = PBXBuildFile; fileRef = 0A2516211BFCBB19001235B5 /* MASCompositeConstraint.m */; };
		0A2516381BFCBB19001235B5 /* MASConstraint.m in Sources */ = {isa = PBXBuildFile; fileRef = 0A2516241BFCBB19001235B5 /* MASConstraint.m */; };
		0A2516391BFCBB19001235B5 /* MASConstraintMaker.m in Sources */ = {isa = PBXBuildFile; fileRef = 0A2516261BFCBB19001235B5 /* MASConstraintMaker.m */; };
		0A25163A1BFCBB19001235B5 /* MASLayoutConstraint.m in Sources */ = {isa = PBXBuildFile; fileRef = 0A2516281BFCBB19001235B5 /* MASLayoutConstraint.m */; };
		0A25163B1BFCBB19001235B5 /* MASViewAttribute.m in Sources */ = {isa = PBXBuildFile; fileRef = 0A25162C1BFCBB19001235B5 /* MASViewAttribute.m */; };
		0A25163C1BFCBB19001235B5 /* MASViewConstraint.m in Sources */ = {isa = PBXBuildFile; fileRef = 0A25162E1BFCBB19001235B5 /* MASViewConstraint.m */; };
		0A25163D1BFCBB19001235B5 /* NSArray+MASAdditions.m in Sources */ = {isa = PBXBuildFile; fileRef = 0A2516301BFCBB19001235B5 /* NSArray+MASAdditions.m */; };
		0A25163E1BFCBB19001235B5 /* NSLayoutConstraint+MASDebugAdditions.m in Sources */ = {isa = PBXBuildFile; fileRef = 0A2516331BFCBB19001235B5 /* NSLayoutConstraint+MASDebugAdditions.m */; };
		0A25163F1BFCBB19001235B5 /* View+MASAdditions.m in Sources */ = {isa = PBXBuildFile; fileRef = 0A2516351BFCBB19001235B5 /* View+MASAdditions.m */; };
		0A2516411BFCC233001235B5 /* cities.plist in Resources */ = {isa = PBXBuildFile; fileRef = 0A2516401BFCC233001235B5 /* cities.plist */; };
		0A2516441BFCC66A001235B5 /* ZLPickViewDelegate.m in Sources */ = {isa = PBXBuildFile; fileRef = 0A2516431BFCC66A001235B5 /* ZLPickViewDelegate.m */; };
/* End PBXBuildFile section */

/* Begin PBXContainerItemProxy section */
		0A25160D1BFCBA02001235B5 /* PBXContainerItemProxy */ = {
			isa = PBXContainerItemProxy;
			containerPortal = 0A2515EB1BFCBA02001235B5 /* Project object */;
			proxyType = 1;
			remoteGlobalIDString = 0A2515F21BFCBA02001235B5;
			remoteInfo = PickerViewTest;
		};
/* End PBXContainerItemProxy section */

/* Begin PBXFileReference section */
		0A2515F31BFCBA02001235B5 /* PickerViewTest.app */ = {isa = PBXFileReference; explicitFileType = wrapper.application; includeInIndex = 0; path = PickerViewTest.app; sourceTree = BUILT_PRODUCTS_DIR; };
		0A2515F71BFCBA02001235B5 /* Info.plist */ = {isa = PBXFileReference; lastKnownFileType = text.plist.xml; path = Info.plist; sourceTree = "<group>"; };
		0A2515F81BFCBA02001235B5 /* main.m */ = {isa = PBXFileReference; lastKnownFileType = sourcecode.c.objc; path = main.m; sourceTree = "<group>"; };
		0A2515FA1BFCBA02001235B5 /* AppDelegate.h */ = {isa = PBXFileReference; lastKnownFileType = sourcecode.c.h; path = AppDelegate.h; sourceTree = "<group>"; };
		0A2515FB1BFCBA02001235B5 /* AppDelegate.m */ = {isa = PBXFileReference; lastKnownFileType = sourcecode.c.objc; path = AppDelegate.m; sourceTree = "<group>"; };
		0A2515FD1BFCBA02001235B5 /* ViewController.h */ = {isa = PBXFileReference; lastKnownFileType = sourcecode.c.h; path = ViewController.h; sourceTree = "<group>"; };
		0A2515FE1BFCBA02001235B5 /* ViewController.m */ = {isa = PBXFileReference; lastKnownFileType = sourcecode.c.objc; path = ViewController.m; sourceTree = "<group>"; };
		0A2516011BFCBA02001235B5 /* Base */ = {isa = PBXFileReference; lastKnownFileType = file.storyboard; name = Base; path = Base.lproj/Main.storyboard; sourceTree = "<group>"; };
		0A2516031BFCBA02001235B5 /* Images.xcassets */ = {isa = PBXFileReference; lastKnownFileType = folder.assetcatalog; path = Images.xcassets; sourceTree = "<group>"; };
		0A2516061BFCBA02001235B5 /* Base */ = {isa = PBXFileReference; lastKnownFileType = file.xib; name = Base; path = Base.lproj/LaunchScreen.xib; sourceTree = "<group>"; };
		0A25160C1BFCBA02001235B5 /* PickerViewTestTests.xctest */ = {isa = PBXFileReference; explicitFileType = wrapper.cfbundle; includeInIndex = 0; path = PickerViewTestTests.xctest; sourceTree = BUILT_PRODUCTS_DIR; };
		0A2516111BFCBA02001235B5 /* Info.plist */ = {isa = PBXFileReference; lastKnownFileType = text.plist.xml; path = Info.plist; sourceTree = "<group>"; };
		0A2516121BFCBA02001235B5 /* PickerViewTestTests.m */ = {isa = PBXFileReference; lastKnownFileType = sourcecode.c.objc; path = PickerViewTestTests.m; sourceTree = "<group>"; };
		0A25161C1BFCBA1C001235B5 /* ZLPickerView.h */ = {isa = PBXFileReference; fileEncoding = 4; lastKnownFileType = sourcecode.c.h; path = ZLPickerView.h; sourceTree = "<group>"; };
		0A25161D1BFCBA1C001235B5 /* ZLPickerView.m */ = {isa = PBXFileReference; fileEncoding = 4; lastKnownFileType = sourcecode.c.objc; path = ZLPickerView.m; sourceTree = "<group>"; };
		0A2516201BFCBB19001235B5 /* MASCompositeConstraint.h */ = {isa = PBXFileReference; fileEncoding = 4; lastKnownFileType = sourcecode.c.h; path = MASCompositeConstraint.h; sourceTree = "<group>"; };
		0A2516211BFCBB19001235B5 /* MASCompositeConstraint.m */ = {isa = PBXFileReference; fileEncoding = 4; lastKnownFileType = sourcecode.c.objc; path = MASCompositeConstraint.m; sourceTree = "<group>"; };
		0A2516221BFCBB19001235B5 /* MASConstraint+Private.h */ = {isa = PBXFileReference; fileEncoding = 4; lastKnownFileType = sourcecode.c.h; path = "MASConstraint+Private.h"; sourceTree = "<group>"; };
		0A2516231BFCBB19001235B5 /* MASConstraint.h */ = {isa = PBXFileReference; fileEncoding = 4; lastKnownFileType = sourcecode.c.h; path = MASConstraint.h; sourceTree = "<group>"; };
		0A2516241BFCBB19001235B5 /* MASConstraint.m */ = {isa = PBXFileReference; fileEncoding = 4; lastKnownFileType = sourcecode.c.objc; path = MASConstraint.m; sourceTree = "<group>"; };
		0A2516251BFCBB19001235B5 /* MASConstraintMaker.h */ = {isa = PBXFileReference; fileEncoding = 4; lastKnownFileType = sourcecode.c.h; path = MASConstraintMaker.h; sourceTree = "<group>"; };
		0A2516261BFCBB19001235B5 /* MASConstraintMaker.m */ = {isa = PBXFileReference; fileEncoding = 4; lastKnownFileType = sourcecode.c.objc; path = MASConstraintMaker.m; sourceTree = "<group>"; };
		0A2516271BFCBB19001235B5 /* MASLayoutConstraint.h */ = {isa = PBXFileReference; fileEncoding = 4; lastKnownFileType = sourcecode.c.h; path = MASLayoutConstraint.h; sourceTree = "<group>"; };
		0A2516281BFCBB19001235B5 /* MASLayoutConstraint.m */ = {isa = PBXFileReference; fileEncoding = 4; lastKnownFileType = sourcecode.c.objc; path = MASLayoutConstraint.m; sourceTree = "<group>"; };
		0A2516291BFCBB19001235B5 /* Masonry.h */ = {isa = PBXFileReference; fileEncoding = 4; lastKnownFileType = sourcecode.c.h; path = Masonry.h; sourceTree = "<group>"; };
		0A25162A1BFCBB19001235B5 /* MASUtilities.h */ = {isa = PBXFileReference; fileEncoding = 4; lastKnownFileType = sourcecode.c.h; path = MASUtilities.h; sourceTree = "<group>"; };
		0A25162B1BFCBB19001235B5 /* MASViewAttribute.h */ = {isa = PBXFileReference; fileEncoding = 4; lastKnownFileType = sourcecode.c.h; path = MASViewAttribute.h; sourceTree = "<group>"; };
		0A25162C1BFCBB19001235B5 /* MASViewAttribute.m */ = {isa = PBXFileReference; fileEncoding = 4; lastKnownFileType = sourcecode.c.objc; path = MASViewAttribute.m; sourceTree = "<group>"; };
		0A25162D1BFCBB19001235B5 /* MASViewConstraint.h */ = {isa = PBXFileReference; fileEncoding = 4; lastKnownFileType = sourcecode.c.h; path = MASViewConstraint.h; sourceTree = "<group>"; };
		0A25162E1BFCBB19001235B5 /* MASViewConstraint.m */ = {isa = PBXFileReference; fileEncoding = 4; lastKnownFileType = sourcecode.c.objc; path = MASViewConstraint.m; sourceTree = "<group>"; };
		0A25162F1BFCBB19001235B5 /* NSArray+MASAdditions.h */ = {isa = PBXFileReference; fileEncoding = 4; lastKnownFileType = sourcecode.c.h; path = "NSArray+MASAdditions.h"; sourceTree = "<group>"; };
		0A2516301BFCBB19001235B5 /* NSArray+MASAdditions.m */ = {isa = PBXFileReference; fileEncoding = 4; lastKnownFileType = sourcecode.c.objc; path = "NSArray+MASAdditions.m"; sourceTree = "<group>"; };
		0A2516311BFCBB19001235B5 /* NSArray+MASShorthandAdditions.h */ = {isa = PBXFileReference; fileEncoding = 4; lastKnownFileType = sourcecode.c.h; path = "NSArray+MASShorthandAdditions.h"; sourceTree = "<group>"; };
		0A2516321BFCBB19001235B5 /* NSLayoutConstraint+MASDebugAdditions.h */ = {isa = PBXFileReference; fileEncoding = 4; lastKnownFileType = sourcecode.c.h; path = "NSLayoutConstraint+MASDebugAdditions.h"; sourceTree = "<group>"; };
		0A2516331BFCBB19001235B5 /* NSLayoutConstraint+MASDebugAdditions.m */ = {isa = PBXFileReference; fileEncoding = 4; lastKnownFileType = sourcecode.c.objc; path = "NSLayoutConstraint+MASDebugAdditions.m"; sourceTree = "<group>"; };
		0A2516341BFCBB19001235B5 /* View+MASAdditions.h */ = {isa = PBXFileReference; fileEncoding = 4; lastKnownFileType = sourcecode.c.h; path = "View+MASAdditions.h"; sourceTree = "<group>"; };
		0A2516351BFCBB19001235B5 /* View+MASAdditions.m */ = {isa = PBXFileReference; fileEncoding = 4; lastKnownFileType = sourcecode.c.objc; path = "View+MASAdditions.m"; sourceTree = "<group>"; };
		0A2516361BFCBB19001235B5 /* View+MASShorthandAdditions.h */ = {isa = PBXFileReference; fileEncoding = 4; lastKnownFileType = sourcecode.c.h; path = "View+MASShorthandAdditions.h"; sourceTree = "<group>"; };
		0A2516401BFCC233001235B5 /* cities.plist */ = {isa = PBXFileReference; fileEncoding = 4; lastKnownFileType = text.plist.xml; path = cities.plist; sourceTree = "<group>"; };
		0A2516421BFCC66A001235B5 /* ZLPickViewDelegate.h */ = {isa = PBXFileReference; fileEncoding = 4; lastKnownFileType = sourcecode.c.h; path = ZLPickViewDelegate.h; sourceTree = "<group>"; };
		0A2516431BFCC66A001235B5 /* ZLPickViewDelegate.m */ = {isa = PBXFileReference; fileEncoding = 4; lastKnownFileType = sourcecode.c.objc; path = ZLPickViewDelegate.m; sourceTree = "<group>"; };
/* End PBXFileReference section */

/* Begin PBXFrameworksBuildPhase section */
		0A2515F01BFCBA02001235B5 /* Frameworks */ = {
			isa = PBXFrameworksBuildPhase;
			buildActionMask = 2147483647;
			files = (
			);
			runOnlyForDeploymentPostprocessing = 0;
		};
		0A2516091BFCBA02001235B5 /* Frameworks */ = {
			isa = PBXFrameworksBuildPhase;
			buildActionMask = 2147483647;
			files = (
			);
			runOnlyForDeploymentPostprocessing = 0;
		};
/* End PBXFrameworksBuildPhase section */

/* Begin PBXGroup section */
		0A2515EA1BFCBA02001235B5 = {
			isa = PBXGroup;
			children = (
				0A2515F51BFCBA02001235B5 /* PickerViewTest */,
				0A25160F1BFCBA02001235B5 /* PickerViewTestTests */,
				0A2515F41BFCBA02001235B5 /* Products */,
			);
			sourceTree = "<group>";
		};
		0A2515F41BFCBA02001235B5 /* Products */ = {
			isa = PBXGroup;
			children = (
				0A2515F31BFCBA02001235B5 /* PickerViewTest.app */,
				0A25160C1BFCBA02001235B5 /* PickerViewTestTests.xctest */,
			);
			name = Products;
			sourceTree = "<group>";
		};
		0A2515F51BFCBA02001235B5 /* PickerViewTest */ = {
			isa = PBXGroup;
			children = (
				0A25161F1BFCBB19001235B5 /* Masonry */,
				0A25161C1BFCBA1C001235B5 /* ZLPickerView.h */,
				0A25161D1BFCBA1C001235B5 /* ZLPickerView.m */,
				0A2515FA1BFCBA02001235B5 /* AppDelegate.h */,
				0A2515FB1BFCBA02001235B5 /* AppDelegate.m */,
				0A2515FD1BFCBA02001235B5 /* ViewController.h */,
				0A2515FE1BFCBA02001235B5 /* ViewController.m */,
				0A2516401BFCC233001235B5 /* cities.plist */,
				0A2516001BFCBA02001235B5 /* Main.storyboard */,
				0A2516031BFCBA02001235B5 /* Images.xcassets */,
				0A2516051BFCBA02001235B5 /* LaunchScreen.xib */,
				0A2515F61BFCBA02001235B5 /* Supporting Files */,
				0A2516421BFCC66A001235B5 /* ZLPickViewDelegate.h */,
				0A2516431BFCC66A001235B5 /* ZLPickViewDelegate.m */,
			);
			path = PickerViewTest;
			sourceTree = "<group>";
		};
		0A2515F61BFCBA02001235B5 /* Supporting Files */ = {
			isa = PBXGroup;
			children = (
				0A2515F71BFCBA02001235B5 /* Info.plist */,
				0A2515F81BFCBA02001235B5 /* main.m */,
			);
			name = "Supporting Files";
			sourceTree = "<group>";
		};
		0A25160F1BFCBA02001235B5 /* PickerViewTestTests */ = {
			isa = PBXGroup;
			children = (
				0A2516121BFCBA02001235B5 /* PickerViewTestTests.m */,
				0A2516101BFCBA02001235B5 /* Supporting Files */,
			);
			path = PickerViewTestTests;
			sourceTree = "<group>";
		};
		0A2516101BFCBA02001235B5 /* Supporting Files */ = {
			isa = PBXGroup;
			children = (
				0A2516111BFCBA02001235B5 /* Info.plist */,
			);
			name = "Supporting Files";
			sourceTree = "<group>";
		};
		0A25161F1BFCBB19001235B5 /* Masonry */ = {
			isa = PBXGroup;
			children = (
				0A2516201BFCBB19001235B5 /* MASCompositeConstraint.h */,
				0A2516211BFCBB19001235B5 /* MASCompositeConstraint.m */,
				0A2516221BFCBB19001235B5 /* MASConstraint+Private.h */,
				0A2516231BFCBB19001235B5 /* MASConstraint.h */,
				0A2516241BFCBB19001235B5 /* MASConstraint.m */,
				0A2516251BFCBB19001235B5 /* MASConstraintMaker.h */,
				0A2516261BFCBB19001235B5 /* MASConstraintMaker.m */,
				0A2516271BFCBB19001235B5 /* MASLayoutConstraint.h */,
				0A2516281BFCBB19001235B5 /* MASLayoutConstraint.m */,
				0A2516291BFCBB19001235B5 /* Masonry.h */,
				0A25162A1BFCBB19001235B5 /* MASUtilities.h */,
				0A25162B1BFCBB19001235B5 /* MASViewAttribute.h */,
				0A25162C1BFCBB19001235B5 /* MASViewAttribute.m */,
				0A25162D1BFCBB19001235B5 /* MASViewConstraint.h */,
				0A25162E1BFCBB19001235B5 /* MASViewConstraint.m */,
				0A25162F1BFCBB19001235B5 /* NSArray+MASAdditions.h */,
				0A2516301BFCBB19001235B5 /* NSArray+MASAdditions.m */,
				0A2516311BFCBB19001235B5 /* NSArray+MASShorthandAdditions.h */,
				0A2516321BFCBB19001235B5 /* NSLayoutConstraint+MASDebugAdditions.h */,
				0A2516331BFCBB19001235B5 /* NSLayoutConstraint+MASDebugAdditions.m */,
				0A2516341BFCBB19001235B5 /* View+MASAdditions.h */,
				0A2516351BFCBB19001235B5 /* View+MASAdditions.m */,
				0A2516361BFCBB19001235B5 /* View+MASShorthandAdditions.h */,
			);
			path = Masonry;
			sourceTree = "<group>";
		};
/* End PBXGroup section */

/* Begin PBXNativeTarget section */
		0A2515F21BFCBA02001235B5 /* PickerViewTest */ = {
			isa = PBXNativeTarget;
			buildConfigurationList = 0A2516161BFCBA02001235B5 /* Build configuration list for PBXNativeTarget "PickerViewTest" */;
			buildPhases = (
				0A2515EF1BFCBA02001235B5 /* Sources */,
				0A2515F01BFCBA02001235B5 /* Frameworks */,
				0A2515F11BFCBA02001235B5 /* Resources */,
			);
			buildRules = (
			);
			dependencies = (
			);
			name = PickerViewTest;
			productName = PickerViewTest;
			productReference = 0A2515F31BFCBA02001235B5 /* PickerViewTest.app */;
			productType = "com.apple.product-type.application";
		};
		0A25160B1BFCBA02001235B5 /* PickerViewTestTests */ = {
			isa = PBXNativeTarget;
			buildConfigurationList = 0A2516191BFCBA02001235B5 /* Build configuration list for PBXNativeTarget "PickerViewTestTests" */;
			buildPhases = (
				0A2516081BFCBA02001235B5 /* Sources */,
				0A2516091BFCBA02001235B5 /* Frameworks */,
				0A25160A1BFCBA02001235B5 /* Resources */,
			);
			buildRules = (
			);
			dependencies = (
				0A25160E1BFCBA02001235B5 /* PBXTargetDependency */,
			);
			name = PickerViewTestTests;
			productName = PickerViewTestTests;
			productReference = 0A25160C1BFCBA02001235B5 /* PickerViewTestTests.xctest */;
			productType = "com.apple.product-type.bundle.unit-test";
		};
/* End PBXNativeTarget section */

/* Begin PBXProject section */
		0A2515EB1BFCBA02001235B5 /* Project object */ = {
			isa = PBXProject;
			attributes = {
				LastUpgradeCheck = 0640;
				ORGANIZATIONNAME = HustBroventurre;
				TargetAttributes = {
					0A2515F21BFCBA02001235B5 = {
						CreatedOnToolsVersion = 6.4;
					};
					0A25160B1BFCBA02001235B5 = {
						CreatedOnToolsVersion = 6.4;
						TestTargetID = 0A2515F21BFCBA02001235B5;
					};
				};
			};
			buildConfigurationList = 0A2515EE1BFCBA02001235B5 /* Build configuration list for PBXProject "PickerViewTest" */;
			compatibilityVersion = "Xcode 3.2";
			developmentRegion = English;
			hasScannedForEncodings = 0;
			knownRegions = (
				en,
				Base,
			);
			mainGroup = 0A2515EA1BFCBA02001235B5;
			productRefGroup = 0A2515F41BFCBA02001235B5 /* Products */;
			projectDirPath = "";
			projectRoot = "";
			targets = (
				0A2515F21BFCBA02001235B5 /* PickerViewTest */,
				0A25160B1BFCBA02001235B5 /* PickerViewTestTests */,
			);
		};
/* End PBXProject section */

/* Begin PBXResourcesBuildPhase section */
		0A2515F11BFCBA02001235B5 /* Resources */ = {
			isa = PBXResourcesBuildPhase;
			buildActionMask = 2147483647;
			files = (
				0A2516021BFCBA02001235B5 /* Main.storyboard in Resources */,
				0A2516071BFCBA02001235B5 /* LaunchScreen.xib in Resources */,
				0A2516041BFCBA02001235B5 /* Images.xcassets in Resources */,
				0A2516411BFCC233001235B5 /* cities.plist in Resources */,
			);
			runOnlyForDeploymentPostprocessing = 0;
		};
		0A25160A1BFCBA02001235B5 /* Resources */ = {
			isa = PBXResourcesBuildPhase;
			buildActionMask = 2147483647;
			files = (
			);
			runOnlyForDeploymentPostprocessing = 0;
		};
/* End PBXResourcesBuildPhase section */

/* Begin PBXSourcesBuildPhase section */
		0A2515EF1BFCBA02001235B5 /* Sources */ = {
			isa = PBXSourcesBuildPhase;
			buildActionMask = 2147483647;
			files = (
				0A2516391BFCBB19001235B5 /* MASConstraintMaker.m in Sources */,
				0A25161E1BFCBA1C001235B5 /* ZLPickerView.m in Sources */,
				0A2515FF1BFCBA02001235B5 /* ViewController.m in Sources */,
				0A2516381BFCBB19001235B5 /* MASConstraint.m in Sources */,
				0A25163A1BFCBB19001235B5 /* MASLayoutConstraint.m in Sources */,
				0A25163D1BFCBB19001235B5 /* NSArray+MASAdditions.m in Sources */,
				0A25163C1BFCBB19001235B5 /* MASViewConstraint.m in Sources */,
				0A25163B1BFCBB19001235B5 /* MASViewAttribute.m in Sources */,
				0A25163F1BFCBB19001235B5 /* View+MASAdditions.m in Sources */,
				0A2515FC1BFCBA02001235B5 /* AppDelegate.m in Sources */,
				0A2516441BFCC66A001235B5 /* ZLPickViewDelegate.m in Sources */,
				0A2515F91BFCBA02001235B5 /* main.m in Sources */,
				0A2516371BFCBB19001235B5 /* MASCompositeConstraint.m in Sources */,
				0A25163E1BFCBB19001235B5 /* NSLayoutConstraint+MASDebugAdditions.m in Sources */,
			);
			runOnlyForDeploymentPostprocessing = 0;
		};
		0A2516081BFCBA02001235B5 /* Sources */ = {
			isa = PBXSourcesBuildPhase;
			buildActionMask = 2147483647;
			files = (
				0A2516131BFCBA02001235B5 /* PickerViewTestTests.m in Sources */,
			);
			runOnlyForDeploymentPostprocessing = 0;
		};
/* End PBXSourcesBuildPhase section */

/* Begin PBXTargetDependency section */
		0A25160E1BFCBA02001235B5 /* PBXTargetDependency */ = {
			isa = PBXTargetDependency;
			target = 0A2515F21BFCBA02001235B5 /* PickerViewTest */;
			targetProxy = 0A25160D1BFCBA02001235B5 /* PBXContainerItemProxy */;
		};
/* End PBXTargetDependency section */

/* Begin PBXVariantGroup section */
		0A2516001BFCBA02001235B5 /* Main.storyboard */ = {
			isa = PBXVariantGroup;
			children = (
				0A2516011BFCBA02001235B5 /* Base */,
			);
			name = Main.storyboard;
			sourceTree = "<group>";
		};
		0A2516051BFCBA02001235B5 /* LaunchScreen.xib */ = {
			isa = PBXVariantGroup;
			children = (
				0A2516061BFCBA02001235B5 /* Base */,
			);
			name = LaunchScreen.xib;
			sourceTree = "<group>";
		};
/* End PBXVariantGroup section */

/* Begin XCBuildConfiguration section */
		0A2516141BFCBA02001235B5 /* Debug */ = {
			isa = XCBuildConfiguration;
			buildSettings = {
				ALWAYS_SEARCH_USER_PATHS = NO;
				CLANG_CXX_LANGUAGE_STANDARD = "gnu++0x";
				CLANG_CXX_LIBRARY = "libc++";
				CLANG_ENABLE_MODULES = YES;
				CLANG_ENABLE_OBJC_ARC = YES;
				CLANG_WARN_BOOL_CONVERSION = YES;
				CLANG_WARN_CONSTANT_CONVERSION = YES;
				CLANG_WARN_DIRECT_OBJC_ISA_USAGE = YES_ERROR;
				CLANG_WARN_EMPTY_BODY = YES;
				CLANG_WARN_ENUM_CONVERSION = YES;
				CLANG_WARN_INT_CONVERSION = YES;
				CLANG_WARN_OBJC_ROOT_CLASS = YES_ERROR;
				CLANG_WARN_UNREACHABLE_CODE = YES;
				CLANG_WARN__DUPLICATE_METHOD_MATCH = YES;
				"CODE_SIGN_IDENTITY[sdk=iphoneos*]" = "iPhone Developer";
				COPY_PHASE_STRIP = NO;
				DEBUG_INFORMATION_FORMAT = "dwarf-with-dsym";
				ENABLE_STRICT_OBJC_MSGSEND = YES;
				GCC_C_LANGUAGE_STANDARD = gnu99;
				GCC_DYNAMIC_NO_PIC = NO;
				GCC_NO_COMMON_BLOCKS = YES;
				GCC_OPTIMIZATION_LEVEL = 0;
				GCC_PREPROCESSOR_DEFINITIONS = (
					"DEBUG=1",
					"$(inherited)",
				);
				GCC_SYMBOLS_PRIVATE_EXTERN = NO;
				GCC_WARN_64_TO_32_BIT_CONVERSION = YES;
				GCC_WARN_ABOUT_RETURN_TYPE = YES_ERROR;
				GCC_WARN_UNDECLARED_SELECTOR = YES;
				GCC_WARN_UNINITIALIZED_AUTOS = YES_AGGRESSIVE;
				GCC_WARN_UNUSED_FUNCTION = YES;
				GCC_WARN_UNUSED_VARIABLE = YES;
				IPHONEOS_DEPLOYMENT_TARGET = 8.4;
				MTL_ENABLE_DEBUG_INFO = YES;
				ONLY_ACTIVE_ARCH = YES;
				SDKROOT = iphoneos;
			};
			name = Debug;
		};
		0A2516151BFCBA02001235B5 /* Release */ = {
			isa = XCBuildConfiguration;
			buildSettings = {
				ALWAYS_SEARCH_USER_PATHS = NO;
				CLANG_CXX_LANGUAGE_STANDARD = "gnu++0x";
				CLANG_CXX_LIBRARY = "libc++";
				CLANG_ENABLE_MODULES = YES;
				CLANG_ENABLE_OBJC_ARC = YES;
				CLANG_WARN_BOOL_CONVERSION = YES;
				CLANG_WARN_CONSTANT_CONVERSION = YES;
				CLANG_WARN_DIRECT_OBJC_ISA_USAGE = YES_ERROR;
				CLANG_WARN_EMPTY_BODY = YES;
				CLANG_WARN_ENUM_CONVERSION = YES;
				CLANG_WARN_INT_CONVERSION = YES;
				CLANG_WARN_OBJC_ROOT_CLASS = YES_ERROR;
				CLANG_WARN_UNREACHABLE_CODE = YES;
				CLANG_WARN__DUPLICATE_METHOD_MATCH = YES;
				"CODE_SIGN_IDENTITY[sdk=iphoneos*]" = "iPhone Developer";
				COPY_PHASE_STRIP = NO;
				DEBUG_INFORMATION_FORMAT = "dwarf-with-dsym";
				ENABLE_NS_ASSERTIONS = NO;
				ENABLE_STRICT_OBJC_MSGSEND = YES;
				GCC_C_LANGUAGE_STANDARD = gnu99;
				GCC_NO_COMMON_BLOCKS = YES;
				GCC_WARN_64_TO_32_BIT_CONVERSION = YES;
				GCC_WARN_ABOUT_RETURN_TYPE = YES_ERROR;
				GCC_WARN_UNDECLARED_SELECTOR = YES;
				GCC_WARN_UNINITIALIZED_AUTOS = YES_AGGRESSIVE;
				GCC_WARN_UNUSED_FUNCTION = YES;
				GCC_WARN_UNUSED_VARIABLE = YES;
				IPHONEOS_DEPLOYMENT_TARGET = 8.4;
				MTL_ENABLE_DEBUG_INFO = NO;
				SDKROOT = iphoneos;
				VALIDATE_PRODUCT = YES;
			};
			name = Release;
		};
		0A2516171BFCBA02001235B5 /* Debug */ = {
			isa = XCBuildConfiguration;
			buildSettings = {
				ASSETCATALOG_COMPILER_APPICON_NAME = AppIcon;
				INFOPLIST_FILE = PickerViewTest/Info.plist;
				LD_RUNPATH_SEARCH_PATHS = "$(inherited) @executable_path/Frameworks";
				PRODUCT_NAME = "$(TARGET_NAME)";
			};
			name = Debug;
		};
		0A2516181BFCBA02001235B5 /* Release */ = {
			isa = XCBuildConfiguration;
			buildSettings = {
				ASSETCATALOG_COMPILER_APPICON_NAME = AppIcon;
				INFOPLIST_FILE = PickerViewTest/Info.plist;
				LD_RUNPATH_SEARCH_PATHS = "$(inherited) @executable_path/Frameworks";
				PRODUCT_NAME = "$(TARGET_NAME)";
			};
			name = Release;
		};
		0A25161A1BFCBA02001235B5 /* Debug */ = {
			isa = XCBuildConfiguration;
			buildSettings = {
				BUNDLE_LOADER = "$(TEST_HOST)";
				FRAMEWORK_SEARCH_PATHS = (
					"$(SDKROOT)/Developer/Library/Frameworks",
					"$(inherited)",
				);
				GCC_PREPROCESSOR_DEFINITIONS = (
					"DEBUG=1",
					"$(inherited)",
				);
				INFOPLIST_FILE = PickerViewTestTests/Info.plist;
				LD_RUNPATH_SEARCH_PATHS = "$(inherited) @executable_path/Frameworks @loader_path/Frameworks";
				PRODUCT_NAME = "$(TARGET_NAME)";
				TEST_HOST = "$(BUILT_PRODUCTS_DIR)/PickerViewTest.app/PickerViewTest";
			};
			name = Debug;
		};
		0A25161B1BFCBA02001235B5 /* Release */ = {
			isa = XCBuildConfiguration;
			buildSettings = {
				BUNDLE_LOADER = "$(TEST_HOST)";
				FRAMEWORK_SEARCH_PATHS = (
					"$(SDKROOT)/Developer/Library/Frameworks",
					"$(inherited)",
				);
				INFOPLIST_FILE = PickerViewTestTests/Info.plist;
				LD_RUNPATH_SEARCH_PATHS = "$(inherited) @executable_path/Frameworks @loader_path/Frameworks";
				PRODUCT_NAME = "$(TARGET_NAME)";
				TEST_HOST = "$(BUILT_PRODUCTS_DIR)/PickerViewTest.app/PickerViewTest";
			};
			name = Release;
		};
/* End XCBuildConfiguration section */

/* Begin XCConfigurationList section */
		0A2515EE1BFCBA02001235B5 /* Build configuration list for PBXProject "PickerViewTest" */ = {
			isa = XCConfigurationList;
			buildConfigurations = (
				0A2516141BFCBA02001235B5 /* Debug */,
				0A2516151BFCBA02001235B5 /* Release */,
			);
			defaultConfigurationIsVisible = 0;
			defaultConfigurationName = Release;
		};
		0A2516161BFCBA02001235B5 /* Build configuration list for PBXNativeTarget "PickerViewTest" */ = {
			isa = XCConfigurationList;
			buildConfigurations = (
				0A2516171BFCBA02001235B5 /* Debug */,
				0A2516181BFCBA02001235B5 /* Release */,
			);
			defaultConfigurationIsVisible = 0;
		};
		0A2516191BFCBA02001235B5 /* Build configuration list for PBXNativeTarget "PickerViewTestTests" */ = {
			isa = XCConfigurationList;
			buildConfigurations = (
				0A25161A1BFCBA02001235B5 /* Debug */,
				0A25161B1BFCBA02001235B5 /* Release */,
			);
			defaultConfigurationIsVisible = 0;
		};
/* End XCConfigurationList section */
	};
	rootObject = 0A2515EB1BFCBA02001235B5 /* Project object */;
}
